// !$*UTF8*$!
{
	archiveVersion = 1;
	classes = {
	};
	objectVersion = 56;
	objects = {

/* Begin PBXBuildFile section */
		0801451E2BD15A6000ACA3C9 /* RealmProjectApp.swift in Sources */ = {isa = PBXBuildFile; fileRef = 0801451D2BD15A6000ACA3C9 /* RealmProjectApp.swift */; };
		080145202BD15A6000ACA3C9 /* ContentView.swift in Sources */ = {isa = PBXBuildFile; fileRef = 0801451F2BD15A6000ACA3C9 /* ContentView.swift */; };
		080145222BD15A6200ACA3C9 /* Assets.xcassets in Resources */ = {isa = PBXBuildFile; fileRef = 080145212BD15A6200ACA3C9 /* Assets.xcassets */; };
		080145252BD15A6200ACA3C9 /* Preview Assets.xcassets in Resources */ = {isa = PBXBuildFile; fileRef = 080145242BD15A6200ACA3C9 /* Preview Assets.xcassets */; };
		0801452D2BD15A7200ACA3C9 /* Realm in Frameworks */ = {isa = PBXBuildFile; productRef = 0801452C2BD15A7200ACA3C9 /* Realm */; };
		0801452F2BD15A7200ACA3C9 /* RealmSwift in Frameworks */ = {isa = PBXBuildFile; productRef = 0801452E2BD15A7200ACA3C9 /* RealmSwift */; };
		080145312BD15A8300ACA3C9 /* Item.swift in Sources */ = {isa = PBXBuildFile; fileRef = 080145302BD15A8300ACA3C9 /* Item.swift */; };
		080145332BD15A8A00ACA3C9 /* ItemDB.swift in Sources */ = {isa = PBXBuildFile; fileRef = 080145322BD15A8A00ACA3C9 /* ItemDB.swift */; };
		080145352BD15CC700ACA3C9 /* DatabaseManager.swift in Sources */ = {isa = PBXBuildFile; fileRef = 080145342BD15CC700ACA3C9 /* DatabaseManager.swift */; };
		080145372BD15E7200ACA3C9 /* ContentViewModel.swift in Sources */ = {isa = PBXBuildFile; fileRef = 080145362BD15E7200ACA3C9 /* ContentViewModel.swift */; };
/* End PBXBuildFile section */

/* Begin PBXFileReference section */
		0801451A2BD15A6000ACA3C9 /* RealmProject.app */ = {isa = PBXFileReference; explicitFileType = wrapper.application; includeInIndex = 0; path = RealmProject.app; sourceTree = BUILT_PRODUCTS_DIR; };
		0801451D2BD15A6000ACA3C9 /* RealmProjectApp.swift */ = {isa = PBXFileReference; lastKnownFileType = sourcecode.swift; path = RealmProjectApp.swift; sourceTree = "<group>"; };
		0801451F2BD15A6000ACA3C9 /* ContentView.swift */ = {isa = PBXFileReference; lastKnownFileType = sourcecode.swift; path = ContentView.swift; sourceTree = "<group>"; };
		080145212BD15A6200ACA3C9 /* Assets.xcassets */ = {isa = PBXFileReference; lastKnownFileType = folder.assetcatalog; path = Assets.xcassets; sourceTree = "<group>"; };
		080145242BD15A6200ACA3C9 /* Preview Assets.xcassets */ = {isa = PBXFileReference; lastKnownFileType = folder.assetcatalog; path = "Preview Assets.xcassets"; sourceTree = "<group>"; };
		080145302BD15A8300ACA3C9 /* Item.swift */ = {isa = PBXFileReference; lastKnownFileType = sourcecode.swift; path = Item.swift; sourceTree = "<group>"; };
		080145322BD15A8A00ACA3C9 /* ItemDB.swift */ = {isa = PBXFileReference; lastKnownFileType = sourcecode.swift; path = ItemDB.swift; sourceTree = "<group>"; };
		080145342BD15CC700ACA3C9 /* DatabaseManager.swift */ = {isa = PBXFileReference; lastKnownFileType = sourcecode.swift; path = DatabaseManager.swift; sourceTree = "<group>"; };
		080145362BD15E7200ACA3C9 /* ContentViewModel.swift */ = {isa = PBXFileReference; lastKnownFileType = sourcecode.swift; path = ContentViewModel.swift; sourceTree = "<group>"; };
/* End PBXFileReference section */

/* Begin PBXFrameworksBuildPhase section */
		080145172BD15A6000ACA3C9 /* Frameworks */ = {
			isa = PBXFrameworksBuildPhase;
			buildActionMask = 2147483647;
			files = (
				0801452F2BD15A7200ACA3C9 /* RealmSwift in Frameworks */,
				0801452D2BD15A7200ACA3C9 /* Realm in Frameworks */,
			);
			runOnlyForDeploymentPostprocessing = 0;
		};
/* End PBXFrameworksBuildPhase section */

/* Begin PBXGroup section */
		080145112BD15A6000ACA3C9 = {
			isa = PBXGroup;
			children = (
				0801451C2BD15A6000ACA3C9 /* RealmProject */,
				0801451B2BD15A6000ACA3C9 /* Products */,
			);
			sourceTree = "<group>";
		};
		0801451B2BD15A6000ACA3C9 /* Products */ = {
			isa = PBXGroup;
			children = (
				0801451A2BD15A6000ACA3C9 /* RealmProject.app */,
			);
			name = Products;
			sourceTree = "<group>";
		};
		0801451C2BD15A6000ACA3C9 /* RealmProject */ = {
			isa = PBXGroup;
			children = (
				080145212BD15A6200ACA3C9 /* Assets.xcassets */,
				080145232BD15A6200ACA3C9 /* Preview Content */,
				0801451D2BD15A6000ACA3C9 /* RealmProjectApp.swift */,
				0801451F2BD15A6000ACA3C9 /* ContentView.swift */,
				080145302BD15A8300ACA3C9 /* Item.swift */,
				080145322BD15A8A00ACA3C9 /* ItemDB.swift */,
				080145342BD15CC700ACA3C9 /* DatabaseManager.swift */,
				080145362BD15E7200ACA3C9 /* ContentViewModel.swift */,
			);
			path = RealmProject;
			sourceTree = "<group>";
		};
		080145232BD15A6200ACA3C9 /* Preview Content */ = {
			isa = PBXGroup;
			children = (
				080145242BD15A6200ACA3C9 /* Preview Assets.xcassets */,
			);
			path = "Preview Content";
			sourceTree = "<group>";
		};
/* End PBXGroup section */

/* Begin PBXNativeTarget section */
		080145192BD15A6000ACA3C9 /* RealmProject */ = {
			isa = PBXNativeTarget;
			buildConfigurationList = 080145282BD15A6200ACA3C9 /* Build configuration list for PBXNativeTarget "RealmProject" */;
			buildPhases = (
				080145162BD15A6000ACA3C9 /* Sources */,
				080145172BD15A6000ACA3C9 /* Frameworks */,
				080145182BD15A6000ACA3C9 /* Resources */,
			);
			buildRules = (
			);
			dependencies = (
			);
			name = RealmProject;
			packageProductDependencies = (
				0801452C2BD15A7200ACA3C9 /* Realm */,
				0801452E2BD15A7200ACA3C9 /* RealmSwift */,
			);
			productName = RealmProject;
			productReference = 0801451A2BD15A6000ACA3C9 /* RealmProject.app */;
			productType = "com.apple.product-type.application";
		};
/* End PBXNativeTarget section */

/* Begin PBXProject section */
		080145122BD15A6000ACA3C9 /* Project object */ = {
			isa = PBXProject;
			attributes = {
				BuildIndependentTargetsInParallel = 1;
				LastSwiftUpdateCheck = 1500;
				LastUpgradeCheck = 1500;
				TargetAttributes = {
					080145192BD15A6000ACA3C9 = {
						CreatedOnToolsVersion = 15.0;
					};
				};
			};
			buildConfigurationList = 080145152BD15A6000ACA3C9 /* Build configuration list for PBXProject "RealmProject" */;
			compatibilityVersion = "Xcode 14.0";
			developmentRegion = en;
			hasScannedForEncodings = 0;
			knownRegions = (
				en,
				Base,
			);
			mainGroup = 080145112BD15A6000ACA3C9;
			packageReferences = (
				0801452B2BD15A7200ACA3C9 /* XCRemoteSwiftPackageReference "realm-swift" */,
			);
			productRefGroup = 0801451B2BD15A6000ACA3C9 /* Products */;
			projectDirPath = "";
			projectRoot = "";
			targets = (
				080145192BD15A6000ACA3C9 /* RealmProject */,
			);
		};
/* End PBXProject section */

/* Begin PBXResourcesBuildPhase section */
		080145182BD15A6000ACA3C9 /* Resources */ = {
			isa = PBXResourcesBuildPhase;
			buildActionMask = 2147483647;
			files = (
				080145252BD15A6200ACA3C9 /* Preview Assets.xcassets in Resources */,
				080145222BD15A6200ACA3C9 /* Assets.xcassets in Resources */,
			);
			runOnlyForDeploymentPostprocessing = 0;
		};
/* End PBXResourcesBuildPhase section */

/* Begin PBXSourcesBuildPhase section */
		080145162BD15A6000ACA3C9 /* Sources */ = {
			isa = PBXSourcesBuildPhase;
			buildActionMask = 2147483647;
			files = (
				080145332BD15A8A00ACA3C9 /* ItemDB.swift in Sources */,
				080145202BD15A6000ACA3C9 /* ContentView.swift in Sources */,
				080145372BD15E7200ACA3C9 /* ContentViewModel.swift in Sources */,
				080145352BD15CC700ACA3C9 /* DatabaseManager.swift in Sources */,
				080145312BD15A8300ACA3C9 /* Item.swift in Sources */,
				0801451E2BD15A6000ACA3C9 /* RealmProjectApp.swift in Sources */,
			);
			runOnlyForDeploymentPostprocessing = 0;
		};
/* End PBXSourcesBuildPhase section */

/* Begin XCBuildConfiguration section */
		080145262BD15A6200ACA3C9 /* Debug */ = {
			isa = XCBuildConfiguration;
			buildSettings = {
				ALWAYS_SEARCH_USER_PATHS = NO;
				ASSETCATALOG_COMPILER_GENERATE_SWIFT_ASSET_SYMBOL_EXTENSIONS = YES;
				CLANG_ANALYZER_NONNULL = YES;
				CLANG_ANALYZER_NUMBER_OBJECT_CONVERSION = YES_AGGRESSIVE;
				CLANG_CXX_LANGUAGE_STANDARD = "gnu++20";
				CLANG_ENABLE_MODULES = YES;
				CLANG_ENABLE_OBJC_ARC = YES;
				CLANG_ENABLE_OBJC_WEAK = YES;
				CLANG_WARN_BLOCK_CAPTURE_AUTORELEASING = YES;
				CLANG_WARN_BOOL_CONVERSION = YES;
				CLANG_WARN_COMMA = YES;
				CLANG_WARN_CONSTANT_CONVERSION = YES;
				CLANG_WARN_DEPRECATED_OBJC_IMPLEMENTATIONS = YES;
				CLANG_WARN_DIRECT_OBJC_ISA_USAGE = YES_ERROR;
				CLANG_WARN_DOCUMENTATION_COMMENTS = YES;
				CLANG_WARN_EMPTY_BODY = YES;
				CLANG_WARN_ENUM_CONVERSION = YES;
				CLANG_WARN_INFINITE_RECURSION = YES;
				CLANG_WARN_INT_CONVERSION = YES;
				CLANG_WARN_NON_LITERAL_NULL_CONVERSION = YES;
				CLANG_WARN_OBJC_IMPLICIT_RETAIN_SELF = YES;
				CLANG_WARN_OBJC_LITERAL_CONVERSION = YES;
				CLANG_WARN_OBJC_ROOT_CLASS = YES_ERROR;
				CLANG_WARN_QUOTED_INCLUDE_IN_FRAMEWORK_HEADER = YES;
				CLANG_WARN_RANGE_LOOP_ANALYSIS = YES;
				CLANG_WARN_STRICT_PROTOTYPES = YES;
				CLANG_WARN_SUSPICIOUS_MOVE = YES;
				CLANG_WARN_UNGUARDED_AVAILABILITY = YES_AGGRESSIVE;
				CLANG_WARN_UNREACHABLE_CODE = YES;
				CLANG_WARN__DUPLICATE_METHOD_MATCH = YES;
				COPY_PHASE_STRIP = NO;
				DEBUG_INFORMATION_FORMAT = dwarf;
				ENABLE_STRICT_OBJC_MSGSEND = YES;
				ENABLE_TESTABILITY = YES;
				ENABLE_USER_SCRIPT_SANDBOXING = YES;
				GCC_C_LANGUAGE_STANDARD = gnu17;
				GCC_DYNAMIC_NO_PIC = NO;
				GCC_NO_COMMON_BLOCKS = YES;
				GCC_OPTIMIZATION_LEVEL = 0;
				GCC_PREPROCESSOR_DEFINITIONS = (
					"DEBUG=1",
					"$(inherited)",
				);
				GCC_WARN_64_TO_32_BIT_CONVERSION = YES;
				GCC_WARN_ABOUT_RETURN_TYPE = YES_ERROR;
				GCC_WARN_UNDECLARED_SELECTOR = YES;
				GCC_WARN_UNINITIALIZED_AUTOS = YES_AGGRESSIVE;
				GCC_WARN_UNUSED_FUNCTION = YES;
				GCC_WARN_UNUSED_VARIABLE = YES;
				IPHONEOS_DEPLOYMENT_TARGET = 17.0;
				LOCALIZATION_PREFERS_STRING_CATALOGS = YES;
				MTL_ENABLE_DEBUG_INFO = INCLUDE_SOURCE;
				MTL_FAST_MATH = YES;
				ONLY_ACTIVE_ARCH = YES;
				SDKROOT = iphoneos;
				SWIFT_ACTIVE_COMPILATION_CONDITIONS = "DEBUG $(inherited)";
				SWIFT_OPTIMIZATION_LEVEL = "-Onone";
			};
			name = Debug;
		};
		080145272BD15A6200ACA3C9 /* Release */ = {
			isa = XCBuildConfiguration;
			buildSettings = {
				ALWAYS_SEARCH_USER_PATHS = NO;
				ASSETCATALOG_COMPILER_GENERATE_SWIFT_ASSET_SYMBOL_EXTENSIONS = YES;
				CLANG_ANALYZER_NONNULL = YES;
				CLANG_ANALYZER_NUMBER_OBJECT_CONVERSION = YES_AGGRESSIVE;
				CLANG_CXX_LANGUAGE_STANDARD = "gnu++20";
				CLANG_ENABLE_MODULES = YES;
				CLANG_ENABLE_OBJC_ARC = YES;
				CLANG_ENABLE_OBJC_WEAK = YES;
				CLANG_WARN_BLOCK_CAPTURE_AUTORELEASING = YES;
				CLANG_WARN_BOOL_CONVERSION = YES;
				CLANG_WARN_COMMA = YES;
				CLANG_WARN_CONSTANT_CONVERSION = YES;
				CLANG_WARN_DEPRECATED_OBJC_IMPLEMENTATIONS = YES;
				CLANG_WARN_DIRECT_OBJC_ISA_USAGE = YES_ERROR;
				CLANG_WARN_DOCUMENTATION_COMMENTS = YES;
				CLANG_WARN_EMPTY_BODY = YES;
				CLANG_WARN_ENUM_CONVERSION = YES;
				CLANG_WARN_INFINITE_RECURSION = YES;
				CLANG_WARN_INT_CONVERSION = YES;
				CLANG_WARN_NON_LITERAL_NULL_CONVERSION = YES;
				CLANG_WARN_OBJC_IMPLICIT_RETAIN_SELF = YES;
				CLANG_WARN_OBJC_LITERAL_CONVERSION = YES;
				CLANG_WARN_OBJC_ROOT_CLASS = YES_ERROR;
				CLANG_WARN_QUOTED_INCLUDE_IN_FRAMEWORK_HEADER = YES;
				CLANG_WARN_RANGE_LOOP_ANALYSIS = YES;
				CLANG_WARN_STRICT_PROTOTYPES = YES;
				CLANG_WARN_SUSPICIOUS_MOVE = YES;
				CLANG_WARN_UNGUARDED_AVAILABILITY = YES_AGGRESSIVE;
				CLANG_WARN_UNREACHABLE_CODE = YES;
				CLANG_WARN__DUPLICATE_METHOD_MATCH = YES;
				COPY_PHASE_STRIP = NO;
				DEBUG_INFORMATION_FORMAT = "dwarf-with-dsym";
				ENABLE_NS_ASSERTIONS = NO;
				ENABLE_STRICT_OBJC_MSGSEND = YES;
				ENABLE_USER_SCRIPT_SANDBOXING = YES;
				GCC_C_LANGUAGE_STANDARD = gnu17;
				GCC_NO_COMMON_BLOCKS = YES;
				GCC_WARN_64_TO_32_BIT_CONVERSION = YES;
				GCC_WARN_ABOUT_RETURN_TYPE = YES_ERROR;
				GCC_WARN_UNDECLARED_SELECTOR = YES;
				GCC_WARN_UNINITIALIZED_AUTOS = YES_AGGRESSIVE;
				GCC_WARN_UNUSED_FUNCTION = YES;
				GCC_WARN_UNUSED_VARIABLE = YES;
				IPHONEOS_DEPLOYMENT_TARGET = 17.0;
				LOCALIZATION_PREFERS_STRING_CATALOGS = YES;
				MTL_ENABLE_DEBUG_INFO = NO;
				MTL_FAST_MATH = YES;
				SDKROOT = iphoneos;
				SWIFT_COMPILATION_MODE = wholemodule;
				VALIDATE_PRODUCT = YES;
			};
			name = Release;
		};
		080145292BD15A6200ACA3C9 /* Debug */ = {
			isa = XCBuildConfiguration;
			buildSettings = {
				ASSETCATALOG_COMPILER_APPICON_NAME = AppIcon;
				ASSETCATALOG_COMPILER_GLOBAL_ACCENT_COLOR_NAME = AccentColor;
				CODE_SIGN_STYLE = Automatic;
				CURRENT_PROJECT_VERSION = 1;
				DEVELOPMENT_ASSET_PATHS = "\"RealmProject/Preview Content\"";
				DEVELOPMENT_TEAM = N483G6TVAZ;
				ENABLE_PREVIEWS = YES;
				GENERATE_INFOPLIST_FILE = YES;
				INFOPLIST_KEY_UIApplicationSceneManifest_Generation = YES;
				INFOPLIST_KEY_UIApplicationSupportsIndirectInputEvents = YES;
				INFOPLIST_KEY_UILaunchScreen_Generation = YES;
				INFOPLIST_KEY_UISupportedInterfaceOrientations_iPad = "UIInterfaceOrientationPortrait UIInterfaceOrientationPortraitUpsideDown UIInterfaceOrientationLandscapeLeft UIInterfaceOrientationLandscapeRight";
				INFOPLIST_KEY_UISupportedInterfaceOrientations_iPhone = "UIInterfaceOrientationPortrait UIInterfaceOrientationLandscapeLeft UIInterfaceOrientationLandscapeRight";
				LD_RUNPATH_SEARCH_PATHS = (
					"$(inherited)",
					"@executable_path/Frameworks",
				);
				MARKETING_VERSION = 1.0;
				PRODUCT_BUNDLE_IDENTIFIER = fatimabk.RealmProject;
				PRODUCT_NAME = "$(TARGET_NAME)";
				SWIFT_EMIT_LOC_STRINGS = YES;
				SWIFT_VERSION = 5.0;
				TARGETED_DEVICE_FAMILY = "1,2";
			};
			name = Debug;
		};
		0801452A2BD15A6200ACA3C9 /* Release */ = {
			isa = XCBuildConfiguration;
			buildSettings = {
				ASSETCATALOG_COMPILER_APPICON_NAME = AppIcon;
				ASSETCATALOG_COMPILER_GLOBAL_ACCENT_COLOR_NAME = AccentColor;
				CODE_SIGN_STYLE = Automatic;
				CURRENT_PROJECT_VERSION = 1;
				DEVELOPMENT_ASSET_PATHS = "\"RealmProject/Preview Content\"";
				DEVELOPMENT_TEAM = N483G6TVAZ;
				ENABLE_PREVIEWS = YES;
				GENERATE_INFOPLIST_FILE = YES;
				INFOPLIST_KEY_UIApplicationSceneManifest_Generation = YES;
				INFOPLIST_KEY_UIApplicationSupportsIndirectInputEvents = YES;
				INFOPLIST_KEY_UILaunchScreen_Generation = YES;
				INFOPLIST_KEY_UISupportedInterfaceOrientations_iPad = "UIInterfaceOrientationPortrait UIInterfaceOrientationPortraitUpsideDown UIInterfaceOrientationLandscapeLeft UIInterfaceOrientationLandscapeRight";
				INFOPLIST_KEY_UISupportedInterfaceOrientations_iPhone = "UIInterfaceOrientationPortrait UIInterfaceOrientationLandscapeLeft UIInterfaceOrientationLandscapeRight";
				LD_RUNPATH_SEARCH_PATHS = (
					"$(inherited)",
					"@executable_path/Frameworks",
				);
				MARKETING_VERSION = 1.0;
				PRODUCT_BUNDLE_IDENTIFIER = fatimabk.RealmProject;
				PRODUCT_NAME = "$(TARGET_NAME)";
				SWIFT_EMIT_LOC_STRINGS = YES;
				SWIFT_VERSION = 5.0;
				TARGETED_DEVICE_FAMILY = "1,2";
			};
			name = Release;
		};
/* End XCBuildConfiguration section */

/* Begin XCConfigurationList section */
		080145152BD15A6000ACA3C9 /* Build configuration list for PBXProject "RealmProject" */ = {
			isa = XCConfigurationList;
			buildConfigurations = (
				080145262BD15A6200ACA3C9 /* Debug */,
				080145272BD15A6200ACA3C9 /* Release */,
			);
			defaultConfigurationIsVisible = 0;
			defaultConfigurationName = Release;
		};
		080145282BD15A6200ACA3C9 /* Build configuration list for PBXNativeTarget "RealmProject" */ = {
			isa = XCConfigurationList;
			buildConfigurations = (
				080145292BD15A6200ACA3C9 /* Debug */,
				0801452A2BD15A6200ACA3C9 /* Release */,
			);
			defaultConfigurationIsVisible = 0;
			defaultConfigurationName = Release;
		};
/* End XCConfigurationList section */

/* Begin XCRemoteSwiftPackageReference section */
		0801452B2BD15A7200ACA3C9 /* XCRemoteSwiftPackageReference "realm-swift" */ = {
			isa = XCRemoteSwiftPackageReference;
			repositoryURL = "https://github.com/realm/realm-swift.git";
			requirement = {
				branch = master;
				kind = branch;
			};
		};
/* End XCRemoteSwiftPackageReference section */

/* Begin XCSwiftPackageProductDependency section */
		0801452C2BD15A7200ACA3C9 /* Realm */ = {
			isa = XCSwiftPackageProductDependency;
			package = 0801452B2BD15A7200ACA3C9 /* XCRemoteSwiftPackageReference "realm-swift" */;
			productName = Realm;
		};
		0801452E2BD15A7200ACA3C9 /* RealmSwift */ = {
			isa = XCSwiftPackageProductDependency;
			package = 0801452B2BD15A7200ACA3C9 /* XCRemoteSwiftPackageReference "realm-swift" */;
			productName = RealmSwift;
		};
/* End XCSwiftPackageProductDependency section */
	};
	rootObject = 080145122BD15A6000ACA3C9 /* Project object */;
}
